// !$*UTF8*$!
{
	archiveVersion = 1;
	classes = {
	};
	objectVersion = 46;
	objects = {

/* Begin PBXBuildFile section */
		040BC1091A336E5A00A05CA1 /* HMImageModel.m in Sources */ = {isa = PBXBuildFile; fileRef = 040BC1081A336E5A00A05CA1 /* HMImageModel.m */; };
		043E7FC11A3294D300C025DA /* 0.jpg in Resources */ = {isa = PBXBuildFile; fileRef = 043E7FBB1A3294D300C025DA /* 0.jpg */; };
		043E7FC21A3294D300C025DA /* 1.jpg in Resources */ = {isa = PBXBuildFile; fileRef = 043E7FBC1A3294D300C025DA /* 1.jpg */; };
		043E7FC31A3294D300C025DA /* 2.jpg in Resources */ = {isa = PBXBuildFile; fileRef = 043E7FBD1A3294D300C025DA /* 2.jpg */; };
		043E7FC41A3294D300C025DA /* 3.jpg in Resources */ = {isa = PBXBuildFile; fileRef = 043E7FBE1A3294D300C025DA /* 3.jpg */; };
		043E7FC51A3294D300C025DA /* 4.jpg in Resources */ = {isa = PBXBuildFile; fileRef = 043E7FBF1A3294D300C025DA /* 4.jpg */; };
		043E7FC61A3294D300C025DA /* 5.jpg in Resources */ = {isa = PBXBuildFile; fileRef = 043E7FC01A3294D300C025DA /* 5.jpg */; };
		04532AB91A334FF000E5C30E /* UIView+FrameExpand.m in Sources */ = {isa = PBXBuildFile; fileRef = 04532AB81A334FF000E5C30E /* UIView+FrameExpand.m */; };
		04A368AE1A3184FD00174FA6 /* Foundation.framework in Frameworks */ = {isa = PBXBuildFile; fileRef = 04A368AD1A3184FD00174FA6 /* Foundation.framework */; };
		04A368B01A3184FD00174FA6 /* CoreGraphics.framework in Frameworks */ = {isa = PBXBuildFile; fileRef = 04A368AF1A3184FD00174FA6 /* CoreGraphics.framework */; };
		04A368B21A3184FD00174FA6 /* UIKit.framework in Frameworks */ = {isa = PBXBuildFile; fileRef = 04A368B11A3184FD00174FA6 /* UIKit.framework */; };
		04A368B81A3184FD00174FA6 /* InfoPlist.strings in Resources */ = {isa = PBXBuildFile; fileRef = 04A368B61A3184FD00174FA6 /* InfoPlist.strings */; };
		04A368BA1A3184FD00174FA6 /* main.m in Sources */ = {isa = PBXBuildFile; fileRef = 04A368B91A3184FD00174FA6 /* main.m */; };
		04A368BE1A3184FD00174FA6 /* HMAppDelegate.m in Sources */ = {isa = PBXBuildFile; fileRef = 04A368BD1A3184FD00174FA6 /* HMAppDelegate.m */; };
		04A368C11A3184FD00174FA6 /* Main.storyboard in Resources */ = {isa = PBXBuildFile; fileRef = 04A368BF1A3184FD00174FA6 /* Main.storyboard */; };
		04A368C61A3184FD00174FA6 /* Images.xcassets in Resources */ = {isa = PBXBuildFile; fileRef = 04A368C51A3184FD00174FA6 /* Images.xcassets */; };
		04A368CD1A3184FD00174FA6 /* XCTest.framework in Frameworks */ = {isa = PBXBuildFile; fileRef = 04A368CC1A3184FD00174FA6 /* XCTest.framework */; };
		04A368CE1A3184FD00174FA6 /* Foundation.framework in Frameworks */ = {isa = PBXBuildFile; fileRef = 04A368AD1A3184FD00174FA6 /* Foundation.framework */; };
		04A368CF1A3184FE00174FA6 /* UIKit.framework in Frameworks */ = {isa = PBXBuildFile; fileRef = 04A368B11A3184FD00174FA6 /* UIKit.framework */; };
		04A368D71A3184FE00174FA6 /* InfoPlist.strings in Resources */ = {isa = PBXBuildFile; fileRef = 04A368D51A3184FE00174FA6 /* InfoPlist.strings */; };
		04A368D91A3184FE00174FA6 /* ______Tests.m in Sources */ = {isa = PBXBuildFile; fileRef = 04A368D81A3184FE00174FA6 /* ______Tests.m */; };
		04A368E71A31864200174FA6 /* HMViewController.m in Sources */ = {isa = PBXBuildFile; fileRef = 04A368E61A31864200174FA6 /* HMViewController.m */; };
		04B1A3401A33FA7300374CC9 /* HMOneViewController.m in Sources */ = {isa = PBXBuildFile; fileRef = 04B1A33F1A33FA7300374CC9 /* HMOneViewController.m */; };
/* End PBXBuildFile section */

/* Begin PBXContainerItemProxy section */
		04A368D01A3184FE00174FA6 /* PBXContainerItemProxy */ = {
			isa = PBXContainerItemProxy;
			containerPortal = 04A368A21A3184FD00174FA6 /* Project object */;
			proxyType = 1;
			remoteGlobalIDString = 04A368A91A3184FD00174FA6;
			remoteInfo = "修改无限循环";
		};
/* End PBXContainerItemProxy section */

/* Begin PBXFileReference section */
		040BC1071A336E5A00A05CA1 /* HMImageModel.h */ = {isa = PBXFileReference; fileEncoding = 4; lastKnownFileType = sourcecode.c.h; name = HMImageModel.h; path = photo/HMImageModel.h; sourceTree = "<group>"; };
		040BC1081A336E5A00A05CA1 /* HMImageModel.m */ = {isa = PBXFileReference; fileEncoding = 4; lastKnownFileType = sourcecode.c.objc; name = HMImageModel.m; path = photo/HMImageModel.m; sourceTree = "<group>"; };
		041F02F81A34544D00B6DF0A /* 设计思路.h */ = {isa = PBXFileReference; lastKnownFileType = sourcecode.c.h; path = "设计思路.h"; sourceTree = "<group>"; };
		043E7FBB1A3294D300C025DA /* 0.jpg */ = {isa = PBXFileReference; lastKnownFileType = image.jpeg; path = 0.jpg; sourceTree = "<group>"; };
		043E7FBC1A3294D300C025DA /* 1.jpg */ = {isa = PBXFileReference; lastKnownFileType = image.jpeg; path = 1.jpg; sourceTree = "<group>"; };
		043E7FBD1A3294D300C025DA /* 2.jpg */ = {isa = PBXFileReference; lastKnownFileType = image.jpeg; path = 2.jpg; sourceTree = "<group>"; };
		043E7FBE1A3294D300C025DA /* 3.jpg */ = {isa = PBXFileReference; lastKnownFileType = image.jpeg; path = 3.jpg; sourceTree = "<group>"; };
		043E7FBF1A3294D300C025DA /* 4.jpg */ = {isa = PBXFileReference; lastKnownFileType = image.jpeg; path = 4.jpg; sourceTree = "<group>"; };
		043E7FC01A3294D300C025DA /* 5.jpg */ = {isa = PBXFileReference; lastKnownFileType = image.jpeg; path = 5.jpg; sourceTree = "<group>"; };
		04532AB71A334FF000E5C30E /* UIView+FrameExpand.h */ = {isa = PBXFileReference; fileEncoding = 4; lastKnownFileType = sourcecode.c.h; path = "UIView+FrameExpand.h"; sourceTree = "<group>"; };
		04532AB81A334FF000E5C30E /* UIView+FrameExpand.m */ = {isa = PBXFileReference; fileEncoding = 4; lastKnownFileType = sourcecode.c.objc; path = "UIView+FrameExpand.m"; sourceTree = "<group>"; };
		04A368AA1A3184FD00174FA6 /* 修改无限循环.app */ = {isa = PBXFileReference; explicitFileType = wrapper.application; includeInIndex = 0; path = "修改无限循环.app"; sourceTree = BUILT_PRODUCTS_DIR; };
		04A368AD1A3184FD00174FA6 /* Foundation.framework */ = {isa = PBXFileReference; lastKnownFileType = wrapper.framework; name = Foundation.framework; path = System/Library/Frameworks/Foundation.framework; sourceTree = SDKROOT; };
		04A368AF1A3184FD00174FA6 /* CoreGraphics.framework */ = {isa = PBXFileReference; lastKnownFileType = wrapper.framework; name = CoreGraphics.framework; path = System/Library/Frameworks/CoreGraphics.framework; sourceTree = SDKROOT; };
		04A368B11A3184FD00174FA6 /* UIKit.framework */ = {isa = PBXFileReference; lastKnownFileType = wrapper.framework; name = UIKit.framework; path = System/Library/Frameworks/UIKit.framework; sourceTree = SDKROOT; };
		04A368B51A3184FD00174FA6 /* 修改无限循环-Info.plist */ = {isa = PBXFileReference; lastKnownFileType = text.plist.xml; path = "修改无限循环-Info.plist"; sourceTree = "<group>"; };
		04A368B71A3184FD00174FA6 /* en */ = {isa = PBXFileReference; lastKnownFileType = text.plist.strings; name = en; path = en.lproj/InfoPlist.strings; sourceTree = "<group>"; };
		04A368B91A3184FD00174FA6 /* main.m */ = {isa = PBXFileReference; lastKnownFileType = sourcecode.c.objc; path = main.m; sourceTree = "<group>"; };
		04A368BB1A3184FD00174FA6 /* 修改无限循环-Prefix.pch */ = {isa = PBXFileReference; lastKnownFileType = sourcecode.c.h; path = "修改无限循环-Prefix.pch"; sourceTree = "<group>"; };
		04A368BC1A3184FD00174FA6 /* HMAppDelegate.h */ = {isa = PBXFileReference; lastKnownFileType = sourcecode.c.h; path = HMAppDelegate.h; sourceTree = "<group>"; };
		04A368BD1A3184FD00174FA6 /* HMAppDelegate.m */ = {isa = PBXFileReference; lastKnownFileType = sourcecode.c.objc; path = HMAppDelegate.m; sourceTree = "<group>"; };
		04A368C01A3184FD00174FA6 /* Base */ = {isa = PBXFileReference; lastKnownFileType = file.storyboard; name = Base; path = Base.lproj/Main.storyboard; sourceTree = "<group>"; };
		04A368C51A3184FD00174FA6 /* Images.xcassets */ = {isa = PBXFileReference; lastKnownFileType = folder.assetcatalog; path = Images.xcassets; sourceTree = "<group>"; };
		04A368CB1A3184FD00174FA6 /* 修改无限循环Tests.xctest */ = {isa = PBXFileReference; explicitFileType = wrapper.cfbundle; includeInIndex = 0; path = "修改无限循环Tests.xctest"; sourceTree = BUILT_PRODUCTS_DIR; };
		04A368CC1A3184FD00174FA6 /* XCTest.framework */ = {isa = PBXFileReference; lastKnownFileType = wrapper.framework; name = XCTest.framework; path = Library/Frameworks/XCTest.framework; sourceTree = DEVELOPER_DIR; };
		04A368D41A3184FE00174FA6 /* 修改无限循环Tests-Info.plist */ = {isa = PBXFileReference; lastKnownFileType = text.plist.xml; path = "修改无限循环Tests-Info.plist"; sourceTree = "<group>"; };
		04A368D61A3184FE00174FA6 /* en */ = {isa = PBXFileReference; lastKnownFileType = text.plist.strings; name = en; path = en.lproj/InfoPlist.strings; sourceTree = "<group>"; };
		04A368D81A3184FE00174FA6 /* ______Tests.m */ = {isa = PBXFileReference; lastKnownFileType = sourcecode.c.objc; path = "______Tests.m"; sourceTree = "<group>"; };
		04A368E51A31864200174FA6 /* HMViewController.h */ = {isa = PBXFileReference; fileEncoding = 4; lastKnownFileType = sourcecode.c.h; path = HMViewController.h; sourceTree = "<group>"; };
		04A368E61A31864200174FA6 /* HMViewController.m */ = {isa = PBXFileReference; fileEncoding = 4; lastKnownFileType = sourcecode.c.objc; path = HMViewController.m; sourceTree = "<group>"; };
		04B1A33E1A33FA7300374CC9 /* HMOneViewController.h */ = {isa = PBXFileReference; fileEncoding = 4; lastKnownFileType = sourcecode.c.h; name = HMOneViewController.h; path = photo/HMOneViewController.h; sourceTree = "<group>"; };
		04B1A33F1A33FA7300374CC9 /* HMOneViewController.m */ = {isa = PBXFileReference; fileEncoding = 4; lastKnownFileType = sourcecode.c.objc; name = HMOneViewController.m; path = photo/HMOneViewController.m; sourceTree = "<group>"; };
/* End PBXFileReference section */

/* Begin PBXFrameworksBuildPhase section */
		04A368A71A3184FD00174FA6 /* Frameworks */ = {
			isa = PBXFrameworksBuildPhase;
			buildActionMask = 2147483647;
			files = (
				04A368B01A3184FD00174FA6 /* CoreGraphics.framework in Frameworks */,
				04A368B21A3184FD00174FA6 /* UIKit.framework in Frameworks */,
				04A368AE1A3184FD00174FA6 /* Foundation.framework in Frameworks */,
			);
			runOnlyForDeploymentPostprocessing = 0;
		};
		04A368C81A3184FD00174FA6 /* Frameworks */ = {
			isa = PBXFrameworksBuildPhase;
			buildActionMask = 2147483647;
			files = (
				04A368CD1A3184FD00174FA6 /* XCTest.framework in Frameworks */,
				04A368CF1A3184FE00174FA6 /* UIKit.framework in Frameworks */,
				04A368CE1A3184FD00174FA6 /* Foundation.framework in Frameworks */,
			);
			runOnlyForDeploymentPostprocessing = 0;
		};
/* End PBXFrameworksBuildPhase section */

/* Begin PBXGroup section */
		043E7FBA1A3294D300C025DA /* photo */ = {
			isa = PBXGroup;
			children = (
				043E7FBB1A3294D300C025DA /* 0.jpg */,
				043E7FBC1A3294D300C025DA /* 1.jpg */,
				043E7FBD1A3294D300C025DA /* 2.jpg */,
				043E7FBE1A3294D300C025DA /* 3.jpg */,
				043E7FBF1A3294D300C025DA /* 4.jpg */,
				043E7FC01A3294D300C025DA /* 5.jpg */,
			);
			path = photo;
			sourceTree = "<group>";
		};
		04A368A11A3184FD00174FA6 = {
			isa = PBXGroup;
			children = (
				041F02F81A34544D00B6DF0A /* 设计思路.h */,
				04B1A33E1A33FA7300374CC9 /* HMOneViewController.h */,
				04B1A33F1A33FA7300374CC9 /* HMOneViewController.m */,
				040BC1071A336E5A00A05CA1 /* HMImageModel.h */,
				040BC1081A336E5A00A05CA1 /* HMImageModel.m */,
				04532AB71A334FF000E5C30E /* UIView+FrameExpand.h */,
				04532AB81A334FF000E5C30E /* UIView+FrameExpand.m */,
				043E7FBA1A3294D300C025DA /* photo */,
				04A368E51A31864200174FA6 /* HMViewController.h */,
				04A368E61A31864200174FA6 /* HMViewController.m */,
				04A368B31A3184FD00174FA6 /* 修改无限循环 */,
				04A368D21A3184FE00174FA6 /* 修改无限循环Tests */,
				04A368AC1A3184FD00174FA6 /* Frameworks */,
				04A368AB1A3184FD00174FA6 /* Products */,
			);
			sourceTree = "<group>";
		};
		04A368AB1A3184FD00174FA6 /* Products */ = {
			isa = PBXGroup;
			children = (
				04A368AA1A3184FD00174FA6 /* 修改无限循环.app */,
				04A368CB1A3184FD00174FA6 /* 修改无限循环Tests.xctest */,
			);
			name = Products;
			sourceTree = "<group>";
		};
		04A368AC1A3184FD00174FA6 /* Frameworks */ = {
			isa = PBXGroup;
			children = (
				04A368AD1A3184FD00174FA6 /* Foundation.framework */,
				04A368AF1A3184FD00174FA6 /* CoreGraphics.framework */,
				04A368B11A3184FD00174FA6 /* UIKit.framework */,
				04A368CC1A3184FD00174FA6 /* XCTest.framework */,
			);
			name = Frameworks;
			sourceTree = "<group>";
		};
		04A368B31A3184FD00174FA6 /* 修改无限循环 */ = {
			isa = PBXGroup;
			children = (
				04A368BC1A3184FD00174FA6 /* HMAppDelegate.h */,
				04A368BD1A3184FD00174FA6 /* HMAppDelegate.m */,
				04A368BF1A3184FD00174FA6 /* Main.storyboard */,
				04A368C51A3184FD00174FA6 /* Images.xcassets */,
				04A368B41A3184FD00174FA6 /* Supporting Files */,
			);
			path = "修改无限循环";
			sourceTree = "<group>";
		};
		04A368B41A3184FD00174FA6 /* Supporting Files */ = {
			isa = PBXGroup;
			children = (
				04A368B51A3184FD00174FA6 /* 修改无限循环-Info.plist */,
				04A368B61A3184FD00174FA6 /* InfoPlist.strings */,
				04A368B91A3184FD00174FA6 /* main.m */,
				04A368BB1A3184FD00174FA6 /* 修改无限循环-Prefix.pch */,
			);
			name = "Supporting Files";
			sourceTree = "<group>";
		};
		04A368D21A3184FE00174FA6 /* 修改无限循环Tests */ = {
			isa = PBXGroup;
			children = (
				04A368D81A3184FE00174FA6 /* ______Tests.m */,
				04A368D31A3184FE00174FA6 /* Supporting Files */,
			);
			path = "修改无限循环Tests";
			sourceTree = "<group>";
		};
		04A368D31A3184FE00174FA6 /* Supporting Files */ = {
			isa = PBXGroup;
			children = (
				04A368D41A3184FE00174FA6 /* 修改无限循环Tests-Info.plist */,
				04A368D51A3184FE00174FA6 /* InfoPlist.strings */,
			);
			name = "Supporting Files";
			sourceTree = "<group>";
		};
/* End PBXGroup section */

/* Begin PBXNativeTarget section */
		04A368A91A3184FD00174FA6 /* 修改无限循环 */ = {
			isa = PBXNativeTarget;
			buildConfigurationList = 04A368DC1A3184FE00174FA6 /* Build configuration list for PBXNativeTarget "修改无限循环" */;
			buildPhases = (
				04A368A61A3184FD00174FA6 /* Sources */,
				04A368A71A3184FD00174FA6 /* Frameworks */,
				04A368A81A3184FD00174FA6 /* Resources */,
			);
			buildRules = (
			);
			dependencies = (
			);
			name = "修改无限循环";
			productName = "修改无限循环";
			productReference = 04A368AA1A3184FD00174FA6 /* 修改无限循环.app */;
			productType = "com.apple.product-type.application";
		};
		04A368CA1A3184FD00174FA6 /* 修改无限循环Tests */ = {
			isa = PBXNativeTarget;
			buildConfigurationList = 04A368DF1A3184FE00174FA6 /* Build configuration list for PBXNativeTarget "修改无限循环Tests" */;
			buildPhases = (
				04A368C71A3184FD00174FA6 /* Sources */,
				04A368C81A3184FD00174FA6 /* Frameworks */,
				04A368C91A3184FD00174FA6 /* Resources */,
			);
			buildRules = (
			);
			dependencies = (
				04A368D11A3184FE00174FA6 /* PBXTargetDependency */,
			);
			name = "修改无限循环Tests";
			productName = "修改无限循环Tests";
			productReference = 04A368CB1A3184FD00174FA6 /* 修改无限循环Tests.xctest */;
			productType = "com.apple.product-type.bundle.unit-test";
		};
/* End PBXNativeTarget section */

/* Begin PBXProject section */
		04A368A21A3184FD00174FA6 /* Project object */ = {
			isa = PBXProject;
			attributes = {
				CLASSPREFIX = HM;
				LastUpgradeCheck = 0510;
				ORGANIZATIONNAME = itheima;
				TargetAttributes = {
					04A368CA1A3184FD00174FA6 = {
						TestTargetID = 04A368A91A3184FD00174FA6;
					};
				};
			};
			buildConfigurationList = 04A368A51A3184FD00174FA6 /* Build configuration list for PBXProject "修改无限循环" */;
			compatibilityVersion = "Xcode 3.2";
			developmentRegion = English;
			hasScannedForEncodings = 0;
			knownRegions = (
				en,
				Base,
			);
			mainGroup = 04A368A11A3184FD00174FA6;
			productRefGroup = 04A368AB1A3184FD00174FA6 /* Products */;
			projectDirPath = "";
			projectRoot = "";
			targets = (
				04A368A91A3184FD00174FA6 /* 修改无限循环 */,
				04A368CA1A3184FD00174FA6 /* 修改无限循环Tests */,
			);
		};
/* End PBXProject section */

/* Begin PBXResourcesBuildPhase section */
		04A368A81A3184FD00174FA6 /* Resources */ = {
			isa = PBXResourcesBuildPhase;
			buildActionMask = 2147483647;
			files = (
				043E7FC51A3294D300C025DA /* 4.jpg in Resources */,
				043E7FC31A3294D300C025DA /* 2.jpg in Resources */,
				043E7FC11A3294D300C025DA /* 0.jpg in Resources */,
				043E7FC61A3294D300C025DA /* 5.jpg in Resources */,
				04A368C61A3184FD00174FA6 /* Images.xcassets in Resources */,
				04A368B81A3184FD00174FA6 /* InfoPlist.strings in Resources */,
				04A368C11A3184FD00174FA6 /* Main.storyboard in Resources */,
				043E7FC41A3294D300C025DA /* 3.jpg in Resources */,
				043E7FC21A3294D300C025DA /* 1.jpg in Resources */,
			);
			runOnlyForDeploymentPostprocessing = 0;
		};
		04A368C91A3184FD00174FA6 /* Resources */ = {
			isa = PBXResourcesBuildPhase;
			buildActionMask = 2147483647;
			files = (
				04A368D71A3184FE00174FA6 /* InfoPlist.strings in Resources */,
			);
			runOnlyForDeploymentPostprocessing = 0;
		};
/* End PBXResourcesBuildPhase section */

/* Begin PBXSourcesBuildPhase section */
		04A368A61A3184FD00174FA6 /* Sources */ = {
			isa = PBXSourcesBuildPhase;
			buildActionMask = 2147483647;
			files = (
				04B1A3401A33FA7300374CC9 /* HMOneViewController.m in Sources */,
				04A368E71A31864200174FA6 /* HMViewController.m in Sources */,
				04A368BA1A3184FD00174FA6 /* main.m in Sources */,
				04532AB91A334FF000E5C30E /* UIView+FrameExpand.m in Sources */,
				04A368BE1A3184FD00174FA6 /* HMAppDelegate.m in Sources */,
				040BC1091A336E5A00A05CA1 /* HMImageModel.m in Sources */,
			);
			runOnlyForDeploymentPostprocessing = 0;
		};
		04A368C71A3184FD00174FA6 /* Sources */ = {
			isa = PBXSourcesBuildPhase;
			buildActionMask = 2147483647;
			files = (
				04A368D91A3184FE00174FA6 /* ______Tests.m in Sources */,
			);
			runOnlyForDeploymentPostprocessing = 0;
		};
/* End PBXSourcesBuildPhase section */

/* Begin PBXTargetDependency section */
		04A368D11A3184FE00174FA6 /* PBXTargetDependency */ = {
			isa = PBXTargetDependency;
			target = 04A368A91A3184FD00174FA6 /* 修改无限循环 */;
			targetProxy = 04A368D01A3184FE00174FA6 /* PBXContainerItemProxy */;
		};
/* End PBXTargetDependency section */

/* Begin PBXVariantGroup section */
		04A368B61A3184FD00174FA6 /* InfoPlist.strings */ = {
			isa = PBXVariantGroup;
			children = (
				04A368B71A3184FD00174FA6 /* en */,
			);
			name = InfoPlist.strings;
			sourceTree = "<group>";
		};
		04A368BF1A3184FD00174FA6 /* Main.storyboard */ = {
			isa = PBXVariantGroup;
			children = (
				04A368C01A3184FD00174FA6 /* Base */,
			);
			name = Main.storyboard;
			sourceTree = "<group>";
		};
		04A368D51A3184FE00174FA6 /* InfoPlist.strings */ = {
			isa = PBXVariantGroup;
			children = (
				04A368D61A3184FE00174FA6 /* en */,
			);
			name = InfoPlist.strings;
			sourceTree = "<group>";
		};
/* End PBXVariantGroup section */

/* Begin XCBuildConfiguration section */
		04A368DA1A3184FE00174FA6 /* Debug */ = {
			isa = XCBuildConfiguration;
			buildSettings = {
				ALWAYS_SEARCH_USER_PATHS = NO;
				CLANG_CXX_LANGUAGE_STANDARD = "gnu++0x";
				CLANG_CXX_LIBRARY = "libc++";
				CLANG_ENABLE_MODULES = YES;
				CLANG_ENABLE_OBJC_ARC = YES;
				CLANG_WARN_BOOL_CONVERSION = YES;
				CLANG_WARN_CONSTANT_CONVERSION = YES;
				CLANG_WARN_DIRECT_OBJC_ISA_USAGE = YES_ERROR;
				CLANG_WARN_EMPTY_BODY = YES;
				CLANG_WARN_ENUM_CONVERSION = YES;
				CLANG_WARN_INT_CONVERSION = YES;
				CLANG_WARN_OBJC_ROOT_CLASS = YES_ERROR;
				CLANG_WARN__DUPLICATE_METHOD_MATCH = YES;
				"CODE_SIGN_IDENTITY[sdk=iphoneos*]" = "iPhone Developer";
				COPY_PHASE_STRIP = NO;
				GCC_C_LANGUAGE_STANDARD = gnu99;
				GCC_DYNAMIC_NO_PIC = NO;
				GCC_OPTIMIZATION_LEVEL = 0;
				GCC_PREPROCESSOR_DEFINITIONS = (
					"DEBUG=1",
					"$(inherited)",
				);
				GCC_SYMBOLS_PRIVATE_EXTERN = NO;
				GCC_WARN_64_TO_32_BIT_CONVERSION = YES;
				GCC_WARN_ABOUT_RETURN_TYPE = YES_ERROR;
				GCC_WARN_UNDECLARED_SELECTOR = YES;
				GCC_WARN_UNINITIALIZED_AUTOS = YES_AGGRESSIVE;
				GCC_WARN_UNUSED_FUNCTION = YES;
				GCC_WARN_UNUSED_VARIABLE = YES;
				IPHONEOS_DEPLOYMENT_TARGET = 7.1;
				ONLY_ACTIVE_ARCH = YES;
				SDKROOT = iphoneos;
			};
			name = Debug;
		};
		04A368DB1A3184FE00174FA6 /* Release */ = {
			isa = XCBuildConfiguration;
			buildSettings = {
				ALWAYS_SEARCH_USER_PATHS = NO;
				CLANG_CXX_LANGUAGE_STANDARD = "gnu++0x";
				CLANG_CXX_LIBRARY = "libc++";
				CLANG_ENABLE_MODULES = YES;
				CLANG_ENABLE_OBJC_ARC = YES;
				CLANG_WARN_BOOL_CONVERSION = YES;
				CLANG_WARN_CONSTANT_CONVERSION = YES;
				CLANG_WARN_DIRECT_OBJC_ISA_USAGE = YES_ERROR;
				CLANG_WARN_EMPTY_BODY = YES;
				CLANG_WARN_ENUM_CONVERSION = YES;
				CLANG_WARN_INT_CONVERSION = YES;
				CLANG_WARN_OBJC_ROOT_CLASS = YES_ERROR;
				CLANG_WARN__DUPLICATE_METHOD_MATCH = YES;
				"CODE_SIGN_IDENTITY[sdk=iphoneos*]" = "iPhone Developer";
				COPY_PHASE_STRIP = YES;
				ENABLE_NS_ASSERTIONS = NO;
				GCC_C_LANGUAGE_STANDARD = gnu99;
				GCC_WARN_64_TO_32_BIT_CONVERSION = YES;
				GCC_WARN_ABOUT_RETURN_TYPE = YES_ERROR;
				GCC_WARN_UNDECLARED_SELECTOR = YES;
				GCC_WARN_UNINITIALIZED_AUTOS = YES_AGGRESSIVE;
				GCC_WARN_UNUSED_FUNCTION = YES;
				GCC_WARN_UNUSED_VARIABLE = YES;
				IPHONEOS_DEPLOYMENT_TARGET = 7.1;
				SDKROOT = iphoneos;
				VALIDATE_PRODUCT = YES;
			};
			name = Release;
		};
		04A368DD1A3184FE00174FA6 /* Debug */ = {
			isa = XCBuildConfiguration;
			buildSettings = {
				ASSETCATALOG_COMPILER_APPICON_NAME = AppIcon;
				ASSETCATALOG_COMPILER_LAUNCHIMAGE_NAME = LaunchImage;
				GCC_PRECOMPILE_PREFIX_HEADER = YES;
				GCC_PREFIX_HEADER = "修改无限循环/修改无限循环-Prefix.pch";
				INFOPLIST_FILE = "修改无限循环/修改无限循环-Info.plist";
				PRODUCT_NAME = "$(TARGET_NAME)";
				WRAPPER_EXTENSION = app;
			};
			name = Debug;
		};
		04A368DE1A3184FE00174FA6 /* Release */ = {
			isa = XCBuildConfiguration;
			buildSettings = {
				ASSETCATALOG_COMPILER_APPICON_NAME = AppIcon;
				ASSETCATALOG_COMPILER_LAUNCHIMAGE_NAME = LaunchImage;
				GCC_PRECOMPILE_PREFIX_HEADER = YES;
				GCC_PREFIX_HEADER = "修改无限循环/修改无限循环-Prefix.pch";
				INFOPLIST_FILE = "修改无限循环/修改无限循环-Info.plist";
				PRODUCT_NAME = "$(TARGET_NAME)";
				WRAPPER_EXTENSION = app;
			};
			name = Release;
		};
		04A368E01A3184FE00174FA6 /* Debug */ = {
			isa = XCBuildConfiguration;
			buildSettings = {
				BUNDLE_LOADER = "$(BUILT_PRODUCTS_DIR)/修改无限循环.app/修改无限循环";
				FRAMEWORK_SEARCH_PATHS = (
					"$(SDKROOT)/Developer/Library/Frameworks",
					"$(inherited)",
					"$(DEVELOPER_FRAMEWORKS_DIR)",
				);
				GCC_PRECOMPILE_PREFIX_HEADER = YES;
				GCC_PREFIX_HEADER = "修改无限循环/修改无限循环-Prefix.pch";
				GCC_PREPROCESSOR_DEFINITIONS = (
					"DEBUG=1",
					"$(inherited)",
				);
				INFOPLIST_FILE = "修改无限循环Tests/修改无限循环Tests-Info.plist";
				PRODUCT_NAME = "$(TARGET_NAME)";
				TEST_HOST = "$(BUNDLE_LOADER)";
				WRAPPER_EXTENSION = xctest;
			};
			name = Debug;
		};
		04A368E11A3184FE00174FA6 /* Release */ = {
			isa = XCBuildConfiguration;
			buildSettings = {
				BUNDLE_LOADER = "$(BUILT_PRODUCTS_DIR)/修改无限循环.app/修改无限循环";
				FRAMEWORK_SEARCH_PATHS = (
					"$(SDKROOT)/Developer/Library/Frameworks",
					"$(inherited)",
					"$(DEVELOPER_FRAMEWORKS_DIR)",
				);
				GCC_PRECOMPILE_PREFIX_HEADER = YES;
				GCC_PREFIX_HEADER = "修改无限循环/修改无限循环-Prefix.pch";
				INFOPLIST_FILE = "修改无限循环Tests/修改无限循环Tests-Info.plist";
				PRODUCT_NAME = "$(TARGET_NAME)";
				TEST_HOST = "$(BUNDLE_LOADER)";
				WRAPPER_EXTENSION = xctest;
			};
			name = Release;
		};
/* End XCBuildConfiguration section */

/* Begin XCConfigurationList section */
		04A368A51A3184FD00174FA6 /* Build configuration list for PBXProject "修改无限循环" */ = {
			isa = XCConfigurationList;
			buildConfigurations = (
				04A368DA1A3184FE00174FA6 /* Debug */,
				04A368DB1A3184FE00174FA6 /* Release */,
			);
			defaultConfigurationIsVisible = 0;
			defaultConfigurationName = Release;
		};
		04A368DC1A3184FE00174FA6 /* Build configuration list for PBXNativeTarget "修改无限循环" */ = {
			isa = XCConfigurationList;
			buildConfigurations = (
				04A368DD1A3184FE00174FA6 /* Debug */,
				04A368DE1A3184FE00174FA6 /* Release */,
			);
			defaultConfigurationIsVisible = 0;
			defaultConfigurationName = Release;
		};
		04A368DF1A3184FE00174FA6 /* Build configuration list for PBXNativeTarget "修改无限循环Tests" */ = {
			isa = XCConfigurationList;
			buildConfigurations = (
				04A368E01A3184FE00174FA6 /* Debug */,
				04A368E11A3184FE00174FA6 /* Release */,
			);
			defaultConfigurationIsVisible = 0;
			defaultConfigurationName = Release;
		};
/* End XCConfigurationList section */
	};
	rootObject = 04A368A21A3184FD00174FA6 /* Project object */;
}
